
Microsoft Visual Studio Solution File, Format Version 12.00
# Visual Studio Version 17
VisualStudioVersion = 17.9.34902.65
MinimumVisualStudioVersion = 10.0.40219.1
Project("{9A19103F-16F7-4668-BE54-9A1E7A4F7556}") = "SignalR_API", "SignalR_API.csproj", "{54152B97-3EF7-4130-B3A2-7C4A1012B603}"
EndProject
Global
	GlobalSection(SolutionConfigurationPlatforms) = preSolution
		Debug|Any CPU = Debug|Any CPU
		Release|Any CPU = Release|Any CPU
	EndGlobalSection
	GlobalSection(ProjectConfigurationPlatforms) = postSolution
		{54152B97-3EF7-4130-B3A2-7C4A1012B603}.Debug|Any CPU.ActiveCfg = Debug|Any CPU
		{54152B97-3EF7-4130-B3A2-7C4A1012B603}.Debug|Any CPU.Build.0 = Debug|Any CPU
		{54152B97-3EF7-4130-B3A2-7C4A1012B603}.Release|Any CPU.ActiveCfg = Debug|Any CPU
		{54152B97-3EF7-4130-B3A2-7C4A1012B603}.Release|Any CPU.Build.0 = Debug|Any CPU
	EndGlobalSection
	GlobalSection(SolutionProperties) = preSolution
		HideSolutionNode = FALSE
	EndGlobalSection
	GlobalSection(ExtensibilityGlobals) = postSolution
		SolutionGuid = {D9C866F3-0887-4A46-A8ED-CF2757A516C9}
	EndGlobalSection
EndGlobal
